
Microsoft Visual Studio Solution File, Format Version 12.00
# Visual Studio Version 17
VisualStudioVersion = 17.6.33723.286
MinimumVisualStudioVersion = 10.0.40219.1
Project("{9A19103F-16F7-4668-BE54-9A1E7A4F7556}") = "Lab_1", "Lab_1\Lab_1.csproj", "{4A5A0B0D-90A2-423C-95AA-697A6C708C06}"
EndProject
Project("{9A19103F-16F7-4668-BE54-9A1E7A4F7556}") = "Lab_2", "Lab2\Lab_2.csproj", "{A3D2C26D-1DF4-43EE-A303-139B108CE21F}"
EndProject
Project("{9A19103F-16F7-4668-BE54-9A1E7A4F7556}") = "Lab_3", "Lab_3\Lab_3.csproj", "{2FA7D6EB-248E-4B05-9369-12CD09A2C5CE}"
EndProject
Project("{9A19103F-16F7-4668-BE54-9A1E7A4F7556}") = "Test", "Test\Test.csproj", "{6315ADA7-EB25-4EEE-9501-CF77607841A6}"
EndProject
Project("{9A19103F-16F7-4668-BE54-9A1E7A4F7556}") = "Lab_4", "Lab_4\Lab_4.csproj", "{A9E55184-7E8B-40A6-9E18-400146838F79}"
EndProject
Project("{9A19103F-16F7-4668-BE54-9A1E7A4F7556}") = "Lab_5", "Lab_5\Lab_5.csproj", "{02031221-E026-4BCB-8DEC-0AB3A0FF8B15}"
EndProject
Project("{FAE04EC0-301F-11D3-BF4B-00C04F79EFBC}") = "Lab_6", "Lab_6\Lab_6.csproj", "{07C99C9D-652B-42BA-A6DF-6F2558D79B24}"
EndProject
Global
	GlobalSection(SolutionConfigurationPlatforms) = preSolution
		Debug|Any CPU = Debug|Any CPU
		Release|Any CPU = Release|Any CPU
	EndGlobalSection
	GlobalSection(ProjectConfigurationPlatforms) = postSolution
		{4A5A0B0D-90A2-423C-95AA-697A6C708C06}.Debug|Any CPU.ActiveCfg = Debug|Any CPU
		{4A5A0B0D-90A2-423C-95AA-697A6C708C06}.Debug|Any CPU.Build.0 = Debug|Any CPU
		{4A5A0B0D-90A2-423C-95AA-697A6C708C06}.Release|Any CPU.ActiveCfg = Release|Any CPU
		{4A5A0B0D-90A2-423C-95AA-697A6C708C06}.Release|Any CPU.Build.0 = Release|Any CPU
		{A3D2C26D-1DF4-43EE-A303-139B108CE21F}.Debug|Any CPU.ActiveCfg = Debug|Any CPU
		{A3D2C26D-1DF4-43EE-A303-139B108CE21F}.Debug|Any CPU.Build.0 = Debug|Any CPU
		{A3D2C26D-1DF4-43EE-A303-139B108CE21F}.Release|Any CPU.ActiveCfg = Release|Any CPU
		{A3D2C26D-1DF4-43EE-A303-139B108CE21F}.Release|Any CPU.Build.0 = Release|Any CPU
		{2FA7D6EB-248E-4B05-9369-12CD09A2C5CE}.Debug|Any CPU.ActiveCfg = Debug|Any CPU
		{2FA7D6EB-248E-4B05-9369-12CD09A2C5CE}.Debug|Any CPU.Build.0 = Debug|Any CPU
		{2FA7D6EB-248E-4B05-9369-12CD09A2C5CE}.Release|Any CPU.ActiveCfg = Release|Any CPU
		{2FA7D6EB-248E-4B05-9369-12CD09A2C5CE}.Release|Any CPU.Build.0 = Release|Any CPU
		{6315ADA7-EB25-4EEE-9501-CF77607841A6}.Debug|Any CPU.ActiveCfg = Debug|Any CPU
		{6315ADA7-EB25-4EEE-9501-CF77607841A6}.Debug|Any CPU.Build.0 = Debug|Any CPU
		{6315ADA7-EB25-4EEE-9501-CF77607841A6}.Release|Any CPU.ActiveCfg = Release|Any CPU
		{6315ADA7-EB25-4EEE-9501-CF77607841A6}.Release|Any CPU.Build.0 = Release|Any CPU
		{A9E55184-7E8B-40A6-9E18-400146838F79}.Debug|Any CPU.ActiveCfg = Debug|Any CPU
		{A9E55184-7E8B-40A6-9E18-400146838F79}.Debug|Any CPU.Build.0 = Debug|Any CPU
		{A9E55184-7E8B-40A6-9E18-400146838F79}.Release|Any CPU.ActiveCfg = Release|Any CPU
		{A9E55184-7E8B-40A6-9E18-400146838F79}.Release|Any CPU.Build.0 = Release|Any CPU
		{02031221-E026-4BCB-8DEC-0AB3A0FF8B15}.Debug|Any CPU.ActiveCfg = Debug|Any CPU
		{02031221-E026-4BCB-8DEC-0AB3A0FF8B15}.Debug|Any CPU.Build.0 = Debug|Any CPU
		{02031221-E026-4BCB-8DEC-0AB3A0FF8B15}.Release|Any CPU.ActiveCfg = Release|Any CPU
		{02031221-E026-4BCB-8DEC-0AB3A0FF8B15}.Release|Any CPU.Build.0 = Release|Any CPU
		{07C99C9D-652B-42BA-A6DF-6F2558D79B24}.Debug|Any CPU.ActiveCfg = Debug|Any CPU
		{07C99C9D-652B-42BA-A6DF-6F2558D79B24}.Debug|Any CPU.Build.0 = Debug|Any CPU
		{07C99C9D-652B-42BA-A6DF-6F2558D79B24}.Release|Any CPU.ActiveCfg = Release|Any CPU
		{07C99C9D-652B-42BA-A6DF-6F2558D79B24}.Release|Any CPU.Build.0 = Release|Any CPU
	EndGlobalSection
	GlobalSection(SolutionProperties) = preSolution
		HideSolutionNode = FALSE
	EndGlobalSection
	GlobalSection(ExtensibilityGlobals) = postSolution
		SolutionGuid = {66C3D8EE-D02F-47B3-9F0E-B1046A19F0FE}
	EndGlobalSection
EndGlobal
